
Microsoft Visual Studio Solution File, Format Version 12.00
# Visual Studio 15
Project("{FAE04EC0-301F-11D3-BF4B-00C04F79EFBC}") = "Assembly-CSharp", "Assembly-CSharp.csproj", "{24BA0878-F8D6-69BF-4CD1-5E9C5C8C33B1}"
EndProject
Project("{FAE04EC0-301F-11D3-BF4B-00C04F79EFBC}") = "Assembly-CSharp-Editor", "Assembly-CSharp-Editor.csproj", "{3C18B623-6CBB-9DA8-1718-DC64A3BEB759}"
EndProject
Global
	GlobalSection(SolutionConfigurationPlatforms) = preSolution
		Debug|Any CPU = Debug|Any CPU
		Release|Any CPU = Release|Any CPU
	EndGlobalSection
	GlobalSection(ProjectConfigurationPlatforms) = postSolution
		{24BA0878-F8D6-69BF-4CD1-5E9C5C8C33B1}.Debug|Any CPU.ActiveCfg = Debug|Any CPU
		{24BA0878-F8D6-69BF-4CD1-5E9C5C8C33B1}.Debug|Any CPU.Build.0 = Debug|Any CPU
		{24BA0878-F8D6-69BF-4CD1-5E9C5C8C33B1}.Release|Any CPU.ActiveCfg = Release|Any CPU
		{24BA0878-F8D6-69BF-4CD1-5E9C5C8C33B1}.Release|Any CPU.Build.0 = Release|Any CPU
		{3C18B623-6CBB-9DA8-1718-DC64A3BEB759}.Debug|Any CPU.ActiveCfg = Debug|Any CPU
		{3C18B623-6CBB-9DA8-1718-DC64A3BEB759}.Debug|Any CPU.Build.0 = Debug|Any CPU
		{3C18B623-6CBB-9DA8-1718-DC64A3BEB759}.Release|Any CPU.ActiveCfg = Release|Any CPU
		{3C18B623-6CBB-9DA8-1718-DC64A3BEB759}.Release|Any CPU.Build.0 = Release|Any CPU
	EndGlobalSection
	GlobalSection(SolutionProperties) = preSolution
		HideSolutionNode = FALSE
	EndGlobalSection
EndGlobal
